name: "Update flake.lock"

on:
  workflow_dispatch:
  schedule:
    - cron: "0 15 * * 5" # Every Friday at 15:00 UTC

permissions:
  contents: write
  pull-requests: write

jobs:
  update:
    uses: gawakawa/.github/.github/workflows/update-flake-lock.yml@main
    with:
      auto-merge: true
      branch: update-flake-lock
      pr-title: "Update flake.lock"
    secrets:
      GH_TOKEN: ${{ secrets.GH_TOKEN }}
